{
    "_readme": [
        "This file locks the dependencies of your project to a known state",
        "Read more about it at http://getcomposer.org/doc/01-basic-usage.md#composer-lock-the-lock-file"
    ],
    "hash": "07a71fc396d168088d361de01b67ec53",
    "packages": [
        {
            "name": "doctrine/annotations",
            "version": "v1.1.2",
            "source": {
                "type": "git",
                "url": "https://github.com/doctrine/annotations.git",
                "reference": "40db0c96985aab2822edbc4848b3bd2429e02670"
            },
            "dist": {
                "type": "zip",
                "url": "https://api.github.com/repos/doctrine/annotations/zipball/40db0c96985aab2822edbc4848b3bd2429e02670",
                "reference": "40db0c96985aab2822edbc4848b3bd2429e02670",
                "shasum": ""
            },
            "require": {
                "doctrine/lexer": "1.*",
                "php": ">=5.3.2"
            },
            "require-dev": {
                "doctrine/cache": "1.*"
            },
            "type": "library",
            "extra": {
                "branch-alias": {
                    "dev-master": "1.0.x-dev"
                }
            },
            "autoload": {
                "psr-0": {
                    "Doctrine\\Common\\Annotations\\": "lib/"
                }
            },
            "notification-url": "https://packagist.org/downloads/",
            "license": [
                "MIT"
            ],
            "authors": [
                {
                    "name": "Jonathan Wage",
                    "email": "jonwage@gmail.com",
                    "homepage": "http://www.jwage.com/"
                },
                {
                    "name": "Guilherme Blanco",
                    "email": "guilhermeblanco@gmail.com",
                    "homepage": "http://www.instaclick.com"
                },
                {
                    "name": "Roman Borschel",
                    "email": "roman@code-factory.org"
                },
                {
                    "name": "Benjamin Eberlei",
                    "email": "kontakt@beberlei.de"
                },
                {
                    "name": "Johannes Schmitt",
                    "email": "schmittjoh@gmail.com",
                    "homepage": "http://jmsyst.com",
                    "role": "Developer of wrapped JMSSerializerBundle"
                }
            ],
            "description": "Docblock Annotations Parser",
            "homepage": "http://www.doctrine-project.org",
            "keywords": [
                "annotations",
                "docblock",
                "parser"
            ],
            "time": "2013-06-16 21:33:03"
        },
        {
            "name": "doctrine/cache",
            "version": "v1.2.0",
            "source": {
                "type": "git",
                "url": "https://github.com/doctrine/cache.git",
                "reference": "d0e4447707a064a5814b18cb0dcc2f24185f6179"
            },
            "dist": {
                "type": "zip",
                "url": "https://api.github.com/repos/doctrine/cache/zipball/d0e4447707a064a5814b18cb0dcc2f24185f6179",
                "reference": "d0e4447707a064a5814b18cb0dcc2f24185f6179",
                "shasum": ""
            },
            "require": {
                "php": ">=5.3.2"
            },
            "conflict": {
                "doctrine/common": ">2.2,<2.4"
            },
            "type": "library",
            "extra": {
                "branch-alias": {
                    "dev-master": "1.0.x-dev"
                }
            },
            "autoload": {
                "psr-0": {
                    "Doctrine\\Common\\Cache\\": "lib/"
                }
            },
            "notification-url": "https://packagist.org/downloads/",
            "license": [
                "MIT"
            ],
            "authors": [
                {
                    "name": "Jonathan Wage",
                    "email": "jonwage@gmail.com",
                    "homepage": "http://www.jwage.com/"
                },
                {
                    "name": "Guilherme Blanco",
                    "email": "guilhermeblanco@gmail.com",
                    "homepage": "http://www.instaclick.com"
                },
                {
                    "name": "Roman Borschel",
                    "email": "roman@code-factory.org"
                },
                {
                    "name": "Benjamin Eberlei",
                    "email": "kontakt@beberlei.de"
                },
                {
                    "name": "Johannes Schmitt",
                    "email": "schmittjoh@gmail.com",
                    "homepage": "http://jmsyst.com",
                    "role": "Developer of wrapped JMSSerializerBundle"
                }
            ],
            "description": "Caching library offering an object-oriented API for many cache backends",
            "homepage": "http://www.doctrine-project.org",
            "keywords": [
                "cache",
                "caching"
            ],
            "time": "2013-09-26 19:23:25"
        },
        {
            "name": "doctrine/collections",
            "version": "v1.1",
            "source": {
                "type": "git",
                "url": "https://github.com/doctrine/collections.git",
                "reference": "560f29c39cfcfbcd210e5d549d993a39d898b04b"
            },
            "dist": {
                "type": "zip",
                "url": "https://api.github.com/repos/doctrine/collections/zipball/560f29c39cfcfbcd210e5d549d993a39d898b04b",
                "reference": "560f29c39cfcfbcd210e5d549d993a39d898b04b",
                "shasum": ""
            },
            "require": {
                "php": ">=5.3.2"
            },
            "type": "library",
            "extra": {
                "branch-alias": {
                    "dev-master": "1.1.x-dev"
                }
            },
            "autoload": {
                "psr-0": {
                    "Doctrine\\Common\\Collections\\": "lib/"
                }
            },
            "notification-url": "https://packagist.org/downloads/",
            "license": [
                "MIT"
            ],
            "authors": [
                {
                    "name": "Jonathan Wage",
                    "email": "jonwage@gmail.com",
                    "homepage": "http://www.jwage.com/"
                },
                {
                    "name": "Guilherme Blanco",
                    "email": "guilhermeblanco@gmail.com",
                    "homepage": "http://www.instaclick.com"
                },
                {
                    "name": "Roman Borschel",
                    "email": "roman@code-factory.org"
                },
                {
                    "name": "Benjamin Eberlei",
                    "email": "kontakt@beberlei.de"
                },
                {
                    "name": "Johannes Schmitt",
                    "email": "schmittjoh@gmail.com",
                    "homepage": "http://jmsyst.com",
                    "role": "Developer of wrapped JMSSerializerBundle"
                }
            ],
            "description": "Collections Abstraction library",
            "homepage": "http://www.doctrine-project.org",
            "keywords": [
                "array",
                "collections",
                "iterator"
            ],
            "time": "2013-03-07 12:15:54"
        },
        {
            "name": "doctrine/common",
            "version": "v2.4.1",
            "source": {
                "type": "git",
                "url": "https://github.com/doctrine/common.git",
                "reference": "ceb18cf9b0230f3ea208b6238130fd415abda0a7"
            },
            "dist": {
                "type": "zip",
                "url": "https://api.github.com/repos/doctrine/common/zipball/ceb18cf9b0230f3ea208b6238130fd415abda0a7",
                "reference": "ceb18cf9b0230f3ea208b6238130fd415abda0a7",
                "shasum": ""
            },
            "require": {
                "doctrine/annotations": "1.*",
                "doctrine/cache": "1.*",
                "doctrine/collections": "1.*",
                "doctrine/inflector": "1.*",
                "doctrine/lexer": "1.*",
                "php": ">=5.3.2"
            },
            "type": "library",
            "extra": {
                "branch-alias": {
                    "dev-master": "2.4.x-dev"
                }
            },
            "autoload": {
                "psr-0": {
                    "Doctrine\\Common\\": "lib/"
                }
            },
            "notification-url": "https://packagist.org/downloads/",
            "license": [
                "MIT"
            ],
            "authors": [
                {
                    "name": "Jonathan Wage",
                    "email": "jonwage@gmail.com",
                    "homepage": "http://www.jwage.com/"
                },
                {
                    "name": "Guilherme Blanco",
                    "email": "guilhermeblanco@gmail.com",
                    "homepage": "http://www.instaclick.com"
                },
                {
                    "name": "Roman Borschel",
                    "email": "roman@code-factory.org"
                },
                {
                    "name": "Benjamin Eberlei",
                    "email": "kontakt@beberlei.de"
                },
                {
                    "name": "Johannes Schmitt",
                    "email": "schmittjoh@gmail.com",
                    "homepage": "http://jmsyst.com",
                    "role": "Developer of wrapped JMSSerializerBundle"
                }
            ],
            "description": "Common Library for Doctrine projects",
            "homepage": "http://www.doctrine-project.org",
            "keywords": [
                "annotations",
                "collections",
                "eventmanager",
                "persistence",
                "spl"
            ],
            "time": "2013-09-07 10:20:34"
        },
        {
            "name": "doctrine/inflector",
            "version": "v1.0",
            "source": {
                "type": "git",
                "url": "https://github.com/doctrine/inflector.git",
                "reference": "54b8333d2a5682afdc690060c1cf384ba9f47f08"
            },
            "dist": {
                "type": "zip",
                "url": "https://api.github.com/repos/doctrine/inflector/zipball/54b8333d2a5682afdc690060c1cf384ba9f47f08",
                "reference": "54b8333d2a5682afdc690060c1cf384ba9f47f08",
                "shasum": ""
            },
            "require": {
                "php": ">=5.3.2"
            },
            "type": "library",
            "autoload": {
                "psr-0": {
                    "Doctrine\\Common\\Inflector\\": "lib/"
                }
            },
            "notification-url": "https://packagist.org/downloads/",
            "license": [
                "MIT"
            ],
            "authors": [
                {
                    "name": "Jonathan Wage",
                    "email": "jonwage@gmail.com",
                    "homepage": "http://www.jwage.com/"
                },
                {
                    "name": "Guilherme Blanco",
                    "email": "guilhermeblanco@gmail.com",
                    "homepage": "http://www.instaclick.com"
                },
                {
                    "name": "Roman Borschel",
                    "email": "roman@code-factory.org"
                },
                {
                    "name": "Benjamin Eberlei",
                    "email": "kontakt@beberlei.de"
                },
                {
                    "name": "Johannes Schmitt",
                    "email": "schmittjoh@gmail.com",
                    "homepage": "https://github.com/schmittjoh",
                    "role": "Developer of wrapped JMSSerializerBundle"
                }
            ],
            "description": "Common String Manipulations with regard to casing and singular/plural rules.",
            "homepage": "http://www.doctrine-project.org",
            "keywords": [
                "inflection",
                "pluarlize",
                "singuarlize",
                "string"
            ],
            "time": "2013-01-10 21:49:15"
        },
        {
            "name": "doctrine/lexer",
            "version": "v1.0",
            "source": {
                "type": "git",
                "url": "https://github.com/doctrine/lexer.git",
                "reference": "2f708a85bb3aab5d99dab8be435abd73e0b18acb"
            },
            "dist": {
                "type": "zip",
                "url": "https://api.github.com/repos/doctrine/lexer/zipball/2f708a85bb3aab5d99dab8be435abd73e0b18acb",
                "reference": "2f708a85bb3aab5d99dab8be435abd73e0b18acb",
                "shasum": ""
            },
            "require": {
                "php": ">=5.3.2"
            },
            "type": "library",
            "autoload": {
                "psr-0": {
                    "Doctrine\\Common\\Lexer\\": "lib/"
                }
            },
            "notification-url": "https://packagist.org/downloads/",
            "license": [
                "MIT"
            ],
            "authors": [
                {
                    "name": "Guilherme Blanco",
                    "email": "guilhermeblanco@gmail.com",
                    "homepage": "http://www.instaclick.com"
                },
                {
                    "name": "Roman Borschel",
                    "email": "roman@code-factory.org"
                },
                {
                    "name": "Johannes Schmitt",
                    "email": "schmittjoh@gmail.com",
                    "homepage": "http://jmsyst.com",
                    "role": "Developer of wrapped JMSSerializerBundle"
                }
            ],
            "description": "Base library for a lexer that can be used in Top-Down, Recursive Descent Parsers.",
            "homepage": "http://www.doctrine-project.org",
            "keywords": [
                "lexer",
                "parser"
            ],
            "time": "2013-01-12 18:59:04"
        },
        {
            "name": "doctrine/mongodb",
            "version": "1.0.3",
            "source": {
                "type": "git",
                "url": "https://github.com/doctrine/mongodb.git",
                "reference": "531dc0025315055047997aeca497099c183db7e0"
            },
            "dist": {
                "type": "zip",
                "url": "https://api.github.com/repos/doctrine/mongodb/zipball/531dc0025315055047997aeca497099c183db7e0",
                "reference": "531dc0025315055047997aeca497099c183db7e0",
                "shasum": ""
            },
            "require": {
                "doctrine/common": ">=2.1.0,<2.5-dev",
                "ext-mongo": ">=1.2.12,<1.5-dev",
                "php": ">=5.3.2"
            },
            "type": "library",
            "autoload": {
                "psr-0": {
                    "Doctrine\\MongoDB": "lib/"
                }
            },
            "notification-url": "https://packagist.org/downloads/",
            "license": [
                "MIT"
            ],
            "authors": [
                {
                    "name": "Bulat Shakirzyanov",
                    "email": "mallluhuct@gmail.com",
                    "homepage": "http://avalanche123.com"
                },
                {
                    "name": "Jonathan H. Wage",
                    "email": "jonwage@gmail.com",
                    "homepage": "http://www.jwage.com/"
                },
                {
                    "name": "Kris Wallsmith",
                    "email": "kris.wallsmith@gmail.com",
                    "homepage": "http://kriswallsmith.net/"
                },
                {
                    "name": "Jeremy Mikola",
                    "email": "jmikola@gmail.com",
                    "homepage": "http://jmikola.net"
                }
            ],
            "description": "Doctrine MongoDB Abstraction Layer",
            "homepage": "http://www.doctrine-project.org",
            "keywords": [
                "database",
                "mongodb",
                "persistence"
            ],
            "time": "2013-04-23 15:15:35"
        },
        {
            "name": "doctrine/mongodb-odm",
            "version": "dev-master",
            "source": {
                "type": "git",
                "url": "https://github.com/doctrine/mongodb-odm.git",
                "reference": "8b07d14cd75ecf608759bdad3f24b579335c4e33"
            },
            "dist": {
                "type": "zip",
                "url": "https://api.github.com/repos/doctrine/mongodb-odm/zipball/8b07d14cd75ecf608759bdad3f24b579335c4e33",
                "reference": "8b07d14cd75ecf608759bdad3f24b579335c4e33",
                "shasum": ""
            },
            "require": {
                "doctrine/common": ">=2.2.0,<2.5-dev",
                "doctrine/inflector": "~1.0",
                "doctrine/mongodb": "1.0.*",
                "php": ">=5.3.2",
                "symfony/console": "~2.0"
            },
            "require-dev": {
                "symfony/yaml": "~2.0"
            },
            "suggest": {
                "symfony/yaml": "Enables the YAML metadata mapping driver"
            },
            "type": "library",
            "extra": {
                "branch-alias": {
                    "dev-master": "1.0.x-dev"
                }
            },
            "autoload": {
                "psr-0": {
                    "Doctrine\\ODM\\MongoDB": "lib/"
                }
            },
            "notification-url": "https://packagist.org/downloads/",
            "license": [
                "MIT"
            ],
            "authors": [
                {
                    "name": "Bulat Shakirzyanov",
                    "email": "mallluhuct@gmail.com",
                    "homepage": "http://avalanche123.com"
                },
                {
                    "name": "Jonathan H. Wage",
                    "email": "jonwage@gmail.com",
                    "homepage": "http://www.jwage.com/"
                },
                {
                    "name": "Kris Wallsmith",
                    "email": "kris.wallsmith@gmail.com",
                    "homepage": "http://kriswallsmith.net/"
                },
                {
                    "name": "Jeremy Mikola",
                    "email": "jmikola@gmail.com",
                    "homepage": "http://jmikola.net"
                }
            ],
            "description": "Doctrine MongoDB Object Document Mapper",
            "homepage": "http://www.doctrine-project.org",
            "keywords": [
                "database",
                "mongodb",
                "odm",
                "persistence"
            ],
            "time": "2013-09-27 18:45:11"
        },
        {
            "name": "doctrine/mongodb-odm-bundle",
            "version": "dev-master",
            "target-dir": "Doctrine/Bundle/MongoDBBundle",
            "source": {
                "type": "git",
                "url": "https://github.com/doctrine/DoctrineMongoDBBundle.git",
                "reference": "64caeeb6d6c1eb1554f3ec8aaf2b08bf05ac68ec"
            },
            "dist": {
                "type": "zip",
                "url": "https://api.github.com/repos/doctrine/DoctrineMongoDBBundle/zipball/64caeeb6d6c1eb1554f3ec8aaf2b08bf05ac68ec",
                "reference": "64caeeb6d6c1eb1554f3ec8aaf2b08bf05ac68ec",
                "shasum": ""
            },
            "require": {
                "doctrine/mongodb-odm": "~1.0.0-beta5@dev",
                "php": ">=5.3.2",
                "symfony/doctrine-bridge": "~2.1",
                "symfony/framework-bundle": "~2.1",
                "symfony/options-resolver": "~2.1"
            },
            "require-dev": {
                "doctrine/data-fixtures": "@dev",
                "symfony/form": "~2.1",
                "symfony/yaml": "~2.1"
            },
            "suggest": {
                "doctrine/data-fixtures": "Load data fixtures"
            },
            "type": "symfony-bundle",
            "extra": {
                "branch-alias": {
                    "dev-master": "3.0-dev"
                }
            },
            "autoload": {
                "psr-0": {
                    "Doctrine\\Bundle\\MongoDBBundle": ""
                }
            },
            "notification-url": "https://packagist.org/downloads/",
            "license": [
                "MIT"
            ],
            "authors": [
                {
                    "name": "Bulat Shakirzyanov",
                    "email": "mallluhuct@gmail.com",
                    "homepage": "http://avalanche123.com"
                },
                {
                    "name": "Jonathan H. Wage",
                    "email": "jonwage@gmail.com",
                    "homepage": "http://www.jwage.com/"
                },
                {
                    "name": "Kris Wallsmith",
                    "email": "kris@symfony.com"
                }
            ],
            "description": "Symfony2 Doctrine MongoDB Bundle",
            "homepage": "http://www.doctrine-project.org",
            "keywords": [
                "mongodb",
                "persistence",
                "symfony"
            ],
            "time": "2013-08-09 18:32:51"
        },
        {
            "name": "incenteev/composer-parameter-handler",
            "version": "v2.0.0",
            "target-dir": "Incenteev/ParameterHandler",
            "source": {
                "type": "git",
                "url": "https://github.com/Incenteev/ParameterHandler.git",
                "reference": "2310d74a751025f02221e0faf69d31440df71b73"
            },
            "dist": {
                "type": "zip",
                "url": "https://api.github.com/repos/Incenteev/ParameterHandler/zipball/2310d74a751025f02221e0faf69d31440df71b73",
                "reference": "2310d74a751025f02221e0faf69d31440df71b73",
                "shasum": ""
            },
            "require": {
                "php": ">=5.3.3",
                "symfony/yaml": "~2.0"
            },
            "require-dev": {
                "composer/composer": "*"
            },
            "type": "library",
            "extra": {
                "branch-alias": {
                    "dev-master": "2.0.x-dev"
                }
            },
            "autoload": {
                "psr-0": {
                    "Incenteev\\ParameterHandler": ""
                }
            },
            "notification-url": "https://packagist.org/downloads/",
            "license": [
                "MIT"
            ],
            "authors": [
                {
                    "name": "Christophe Coevoet",
                    "email": "stof@notk.org"
                }
            ],
            "description": "Composer script handling your ignored parameter file",
            "homepage": "https://github.com/Incenteev/ParameterHandler",
            "keywords": [
                "parameters management"
            ],
            "time": "2013-04-06 17:15:44"
        },
        {
            "name": "monolog/monolog",
            "version": "1.6.0",
            "source": {
                "type": "git",
                "url": "https://github.com/Seldaek/monolog.git",
                "reference": "f72392d0e6eb855118f5a84e89ac2d257c704abd"
            },
            "dist": {
                "type": "zip",
                "url": "https://api.github.com/repos/Seldaek/monolog/zipball/f72392d0e6eb855118f5a84e89ac2d257c704abd",
                "reference": "f72392d0e6eb855118f5a84e89ac2d257c704abd",
                "shasum": ""
            },
            "require": {
                "php": ">=5.3.0",
                "psr/log": "~1.0"
            },
            "require-dev": {
                "doctrine/couchdb": "dev-master",
                "mlehner/gelf-php": "1.0.*",
                "raven/raven": "0.5.*"
            },
            "suggest": {
                "doctrine/couchdb": "Allow sending log messages to a CouchDB server",
                "ext-amqp": "Allow sending log messages to an AMQP server (1.0+ required)",
                "ext-mongo": "Allow sending log messages to a MongoDB server",
                "mlehner/gelf-php": "Allow sending log messages to a GrayLog2 server",
                "raven/raven": "Allow sending log messages to a Sentry server"
            },
            "type": "library",
            "extra": {
                "branch-alias": {
                    "dev-master": "1.6.x-dev"
                }
            },
            "autoload": {
                "psr-0": {
                    "Monolog": "src/"
                }
            },
            "notification-url": "https://packagist.org/downloads/",
            "license": [
                "MIT"
            ],
            "authors": [
                {
                    "name": "Jordi Boggiano",
                    "email": "j.boggiano@seld.be",
                    "homepage": "http://seld.be",
                    "role": "Developer"
                }
            ],
            "description": "Sends your logs to files, sockets, inboxes, databases and various web services",
            "homepage": "http://github.com/Seldaek/monolog",
            "keywords": [
                "log",
                "logging",
                "psr-3"
            ],
            "time": "2013-07-28 22:38:30"
        },
        {
            "name": "psr/log",
            "version": "1.0.0",
            "source": {
                "type": "git",
                "url": "https://github.com/php-fig/log.git",
                "reference": "fe0936ee26643249e916849d48e3a51d5f5e278b"
            },
            "dist": {
                "type": "zip",
                "url": "https://api.github.com/repos/php-fig/log/zipball/fe0936ee26643249e916849d48e3a51d5f5e278b",
                "reference": "fe0936ee26643249e916849d48e3a51d5f5e278b",
                "shasum": ""
            },
            "type": "library",
            "autoload": {
                "psr-0": {
                    "Psr\\Log\\": ""
                }
            },
            "notification-url": "https://packagist.org/downloads/",
            "license": [
                "MIT"
            ],
            "authors": [
                {
                    "name": "PHP-FIG",
                    "homepage": "http://www.php-fig.org/"
                }
            ],
            "description": "Common interface for logging libraries",
            "keywords": [
                "log",
                "psr",
                "psr-3"
            ],
            "time": "2012-12-21 11:40:51"
        },
        {
            "name": "sensio/distribution-bundle",
            "version": "v2.3.4",
            "target-dir": "Sensio/Bundle/DistributionBundle",
            "source": {
                "type": "git",
                "url": "https://github.com/sensiolabs/SensioDistributionBundle.git",
                "reference": "66df91b4bd637a83299d8072aed3658bfd3b3021"
            },
            "dist": {
                "type": "zip",
                "url": "https://api.github.com/repos/sensiolabs/SensioDistributionBundle/zipball/66df91b4bd637a83299d8072aed3658bfd3b3021",
                "reference": "66df91b4bd637a83299d8072aed3658bfd3b3021",
                "shasum": ""
            },
            "require": {
                "symfony/framework-bundle": "~2.2"
            },
            "type": "symfony-bundle",
            "extra": {
                "branch-alias": {
                    "dev-master": "2.3.x-dev"
                }
            },
            "autoload": {
                "psr-0": {
                    "Sensio\\Bundle\\DistributionBundle": ""
                }
            },
            "notification-url": "https://packagist.org/downloads/",
            "license": [
                "MIT"
            ],
            "authors": [
                {
                    "name": "Fabien Potencier",
                    "email": "fabien@symfony.com"
                }
            ],
            "description": "The base bundle for the Symfony Distributions",
            "keywords": [
                "configuration",
                "distribution"
            ],
            "time": "2013-08-22 05:04:53"
        },
        {
            "name": "sensio/framework-extra-bundle",
            "version": "v2.3.4",
            "target-dir": "Sensio/Bundle/FrameworkExtraBundle",
            "source": {
                "type": "git",
                "url": "https://github.com/sensiolabs/SensioFrameworkExtraBundle.git",
                "reference": "cce05719041d952bbec856789ca18646a1891d03"
            },
            "dist": {
                "type": "zip",
                "url": "https://api.github.com/repos/sensiolabs/SensioFrameworkExtraBundle/zipball/cce05719041d952bbec856789ca18646a1891d03",
                "reference": "cce05719041d952bbec856789ca18646a1891d03",
                "shasum": ""
            },
            "require": {
                "doctrine/common": "~2.2",
                "symfony/framework-bundle": "~2.2"
            },
            "type": "symfony-bundle",
            "extra": {
                "branch-alias": {
                    "dev-master": "2.3.x-dev"
                }
            },
            "autoload": {
                "psr-0": {
                    "Sensio\\Bundle\\FrameworkExtraBundle": ""
                }
            },
            "notification-url": "https://packagist.org/downloads/",
            "license": [
                "MIT"
            ],
            "authors": [
                {
                    "name": "Fabien Potencier",
                    "email": "fabien@symfony.com"
                }
            ],
            "description": "This bundle provides a way to configure your controllers with annotations",
            "keywords": [
                "annotations",
                "controllers"
            ],
            "time": "2013-07-24 08:49:53"
        },
        {
            "name": "sensio/generator-bundle",
            "version": "v2.3.4",
            "target-dir": "Sensio/Bundle/GeneratorBundle",
            "source": {
                "type": "git",
                "url": "https://github.com/sensiolabs/SensioGeneratorBundle.git",
                "reference": "4a7b126e9c22f858e3584b19ddce6e5bdd7677ee"
            },
            "dist": {
                "type": "zip",
                "url": "https://api.github.com/repos/sensiolabs/SensioGeneratorBundle/zipball/4a7b126e9c22f858e3584b19ddce6e5bdd7677ee",
                "reference": "4a7b126e9c22f858e3584b19ddce6e5bdd7677ee",
                "shasum": ""
            },
            "require": {
                "symfony/console": "~2.0",
                "symfony/framework-bundle": "~2.2"
            },
            "require-dev": {
                "doctrine/orm": "~2.2,>=2.2.3",
                "symfony/doctrine-bridge": "~2.2",
                "twig/twig": "~1.11"
            },
            "type": "symfony-bundle",
            "extra": {
                "branch-alias": {
                    "dev-master": "2.3.x-dev"
                }
            },
            "autoload": {
                "psr-0": {
                    "Sensio\\Bundle\\GeneratorBundle": ""
                }
            },
            "notification-url": "https://packagist.org/downloads/",
            "license": [
                "MIT"
            ],
            "authors": [
                {
                    "name": "Fabien Potencier",
                    "email": "fabien@symfony.com"
                }
            ],
            "description": "This bundle generates code for you",
            "time": "2013-08-21 18:09:35"
        },
        {
            "name": "symfony/icu",
            "version": "v1.0.0",
            "target-dir": "Symfony/Component/Icu",
            "source": {
                "type": "git",
                "url": "https://github.com/symfony/Icu.git",
                "reference": "cac3fdfb111adbe590155f491594636d45129783"
            },
            "dist": {
                "type": "zip",
                "url": "https://api.github.com/repos/symfony/Icu/zipball/cac3fdfb111adbe590155f491594636d45129783",
                "reference": "cac3fdfb111adbe590155f491594636d45129783",
                "shasum": ""
            },
            "require": {
                "php": ">=5.3.3",
                "symfony/intl": "~2.3"
            },
            "type": "library",
            "autoload": {
                "psr-0": {
                    "Symfony\\Component\\Icu\\": ""
                }
            },
            "notification-url": "https://packagist.org/downloads/",
            "license": [
                "MIT"
            ],
            "authors": [
                {
                    "name": "Symfony Community",
                    "homepage": "http://symfony.com/contributors"
                },
                {
                    "name": "Bernhard Schussek",
                    "email": "bschussek@gmail.com"
                }
            ],
            "description": "Contains an excerpt of the ICU data and classes to load it.",
            "homepage": "http://symfony.com",
            "keywords": [
                "icu",
                "intl"
            ],
            "time": "2013-06-03 18:32:07"
        },
        {
            "name": "symfony/monolog-bundle",
            "version": "v2.3.0",
            "target-dir": "Symfony/Bundle/MonologBundle",
            "source": {
                "type": "git",
                "url": "https://github.com/symfony/MonologBundle.git",
                "reference": "03ed73bc11367b3156cc21f22ac37c7f70fcd10a"
            },
            "dist": {
                "type": "zip",
                "url": "https://api.github.com/repos/symfony/MonologBundle/zipball/03ed73bc11367b3156cc21f22ac37c7f70fcd10a",
                "reference": "03ed73bc11367b3156cc21f22ac37c7f70fcd10a",
                "shasum": ""
            },
            "require": {
                "monolog/monolog": "~1.3",
                "php": ">=5.3.2",
                "symfony/config": "~2.2-beta2",
                "symfony/dependency-injection": "~2.2-beta2",
                "symfony/monolog-bridge": "~2.2-beta2"
            },
            "require-dev": {
                "symfony/yaml": "~2.2-beta2"
            },
            "type": "symfony-bundle",
            "extra": {
                "branch-alias": {
                    "dev-master": "2.2.x-dev"
                }
            },
            "autoload": {
                "psr-0": {
                    "Symfony\\Bundle\\MonologBundle": ""
                }
            },
            "notification-url": "https://packagist.org/downloads/",
            "license": [
                "MIT"
            ],
            "authors": [
                {
                    "name": "Fabien Potencier",
                    "email": "fabien@symfony.com"
                },
                {
                    "name": "Symfony Community",
                    "homepage": "http://symfony.com/contributors"
                }
            ],
            "description": "Symfony MonologBundle",
            "homepage": "http://symfony.com",
            "keywords": [
                "log",
                "logging"
            ],
            "time": "2013-05-27 18:06:55"
        },
        {
            "name": "symfony/symfony",
            "version": "v2.3.5",
            "source": {
                "type": "git",
                "url": "https://github.com/symfony/symfony.git",
                "reference": "aa5626cd2a359567c948ebdeeca68d948640302f"
            },
            "dist": {
                "type": "zip",
                "url": "https://api.github.com/repos/symfony/symfony/zipball/aa5626cd2a359567c948ebdeeca68d948640302f",
                "reference": "aa5626cd2a359567c948ebdeeca68d948640302f",
                "shasum": ""
            },
            "require": {
                "doctrine/common": "~2.2",
                "php": ">=5.3.3",
                "psr/log": "~1.0",
                "symfony/icu": "~1.0",
                "twig/twig": "~1.11"
            },
            "replace": {
                "symfony/browser-kit": "self.version",
                "symfony/class-loader": "self.version",
                "symfony/config": "self.version",
                "symfony/console": "self.version",
                "symfony/css-selector": "self.version",
                "symfony/debug": "self.version",
                "symfony/dependency-injection": "self.version",
                "symfony/doctrine-bridge": "self.version",
                "symfony/dom-crawler": "self.version",
                "symfony/event-dispatcher": "self.version",
                "symfony/filesystem": "self.version",
                "symfony/finder": "self.version",
                "symfony/form": "self.version",
                "symfony/framework-bundle": "self.version",
                "symfony/http-foundation": "self.version",
                "symfony/http-kernel": "self.version",
                "symfony/intl": "self.version",
                "symfony/locale": "self.version",
                "symfony/monolog-bridge": "self.version",
                "symfony/options-resolver": "self.version",
                "symfony/process": "self.version",
                "symfony/propel1-bridge": "self.version",
                "symfony/property-access": "self.version",
                "symfony/proxy-manager-bridge": "self.version",
                "symfony/routing": "self.version",
                "symfony/security": "self.version",
                "symfony/security-bundle": "self.version",
                "symfony/serializer": "self.version",
                "symfony/stopwatch": "self.version",
                "symfony/swiftmailer-bridge": "self.version",
                "symfony/templating": "self.version",
                "symfony/translation": "self.version",
                "symfony/twig-bridge": "self.version",
                "symfony/twig-bundle": "self.version",
                "symfony/validator": "self.version",
                "symfony/web-profiler-bundle": "self.version",
                "symfony/yaml": "self.version"
            },
            "require-dev": {
                "doctrine/data-fixtures": "1.0.*",
                "doctrine/dbal": "~2.2",
                "doctrine/orm": "~2.2,>=2.2.3",
                "ircmaxell/password-compat": "1.0.*",
                "monolog/monolog": "~1.3",
                "ocramius/proxy-manager": ">=0.3.1,<0.4-dev",
                "propel/propel1": "1.6.*"
            },
            "type": "library",
            "extra": {
                "branch-alias": {
                    "dev-master": "2.3-dev"
                }
            },
            "autoload": {
                "psr-0": {
                    "Symfony\\": "src/"
                },
                "classmap": [
                    "src/Symfony/Component/HttpFoundation/Resources/stubs",
                    "src/Symfony/Component/Intl/Resources/stubs"
                ],
                "files": [
                    "src/Symfony/Component/Intl/Resources/stubs/functions.php"
                ]
            },
            "notification-url": "https://packagist.org/downloads/",
            "license": [
                "MIT"
            ],
            "authors": [
                {
                    "name": "Fabien Potencier",
                    "email": "fabien@symfony.com"
                },
                {
                    "name": "Symfony Community",
                    "homepage": "http://symfony.com/contributors"
                }
            ],
            "description": "The Symfony PHP framework",
            "homepage": "http://symfony.com",
            "keywords": [
                "framework"
            ],
            "time": "2013-09-27 07:31:40"
        },
        {
            "name": "twig/extensions",
            "version": "v1.0.0",
            "source": {
                "type": "git",
                "url": "https://github.com/fabpot/Twig-extensions.git",
                "reference": "921799aaf05f88af749d72912d6b154dfeb9a03e"
            },
            "dist": {
                "type": "zip",
                "url": "https://api.github.com/repos/fabpot/Twig-extensions/zipball/921799aaf05f88af749d72912d6b154dfeb9a03e",
                "reference": "921799aaf05f88af749d72912d6b154dfeb9a03e",
                "shasum": ""
            },
            "require": {
                "twig/twig": "1.*"
            },
            "type": "library",
            "extra": {
                "branch-alias": {
                    "dev-master": "1.0.x-dev"
                }
            },
            "autoload": {
                "psr-0": {
                    "Twig_Extensions_": "lib/"
                }
            },
            "notification-url": "https://packagist.org/downloads/",
            "license": [
                "MIT"
            ],
            "authors": [
                {
                    "name": "Fabien Potencier",
                    "email": "fabien@symfony.com"
                }
            ],
            "description": "Common additional features for Twig that do not directly belong in core",
            "homepage": "https://github.com/fabpot/Twig-extensions",
            "keywords": [
                "debug",
                "i18n",
                "text"
            ],
            "time": "2013-02-28 14:21:30"
        },
        {
            "name": "twig/twig",
            "version": "v1.13.2",
            "source": {
                "type": "git",
                "url": "https://github.com/fabpot/Twig.git",
                "reference": "6d6a1009427d1f398c9d40904147bf9f723d5755"
            },
            "dist": {
                "type": "zip",
                "url": "https://api.github.com/repos/fabpot/Twig/zipball/6d6a1009427d1f398c9d40904147bf9f723d5755",
                "reference": "6d6a1009427d1f398c9d40904147bf9f723d5755",
                "shasum": ""
            },
            "require": {
                "php": ">=5.2.4"
            },
            "type": "library",
            "extra": {
                "branch-alias": {
                    "dev-master": "1.13-dev"
                }
            },
            "autoload": {
                "psr-0": {
                    "Twig_": "lib/"
                }
            },
            "notification-url": "https://packagist.org/downloads/",
            "license": [
                "BSD-3-Clause"
            ],
            "authors": [
                {
                    "name": "Fabien Potencier",
                    "email": "fabien@symfony.com"
                },
                {
                    "name": "Armin Ronacher",
                    "email": "armin.ronacher@active-4.com"
                }
            ],
            "description": "Twig, the flexible, fast, and secure template language for PHP",
            "homepage": "http://twig.sensiolabs.org",
            "keywords": [
                "templating"
            ],
            "time": "2013-08-03 15:35:31"
        }
    ],
    "packages-dev": [

    ],
    "aliases": [

    ],
    "minimum-stability": "stable",
    "stability-flags": {
        "doctrine/mongodb-odm": 20,
        "doctrine/mongodb-odm-bundle": 20
    },
    "platform": {
        "php": ">=5.3.3"
    },
    "platform-dev": [

    ]
}
